ГОЙДА!!
ГОЙДА!!
ГОЙДА!!
ГОЙДА!!
ГОЙДА!!
ГОЙДА!!
ГОЙДА!!
ГОЙДА!!
ГОЙДА!!
ГОЙДА!!
ГОЙДА!!
ГОЙДА!!
ГОЙДА!!
ГОЙДА!!
ГОЙДА!!
ГОЙДА!!
ГОЙДА!!
ГОЙДА!!
ГОЙДА!!
ГОЙДА!!
ГОЙДА!!
ГОЙДА!!
ГОЙДА!!
ГОЙДА!!
ГОЙДА!!
ГОЙДА!!
ГОЙДА!!
ГОЙДА!!
ГОЙДА!!
ГОЙДА!!
ГОЙДА!!
ГОЙДА!!
ГОЙДА!!
ГОЙДА!!
ГОЙДА!!
ГОЙДА!!
ГОЙДА!!
ГОЙДА!!
ГОЙДА!!
ГОЙДА!!
ГОЙДА!!
ГОЙДА!!
ГОЙДА!!
ГОЙДА!!
ГОЙДА!!
ГОЙДА!!
ГОЙДА!!
ГОЙДА!!
ГОЙДА!!
ГОЙДА!!
ГОЙДА!!
ГОЙДА!!
